
Microsoft Visual Studio Solution File, Format Version 12.00
# Visual Studio Version 17
VisualStudioVersion = 17.13.35931.197 d17.13
MinimumVisualStudioVersion = 10.0.40219.1
Project("{FAE04EC0-301F-11D3-BF4B-00C04F79EFBC}") = "NopeSound.trainingdotnet.asyncawait.console", "NopeSound.trainingdotnet.asyncawait.console\NopeSound.trainingdotnet.asyncawait.console.csproj", "{051DAA67-BD53-4E8A-B360-D582A211DE7B}"
EndProject
Global
	GlobalSection(SolutionConfigurationPlatforms) = preSolution
		Debug|Any CPU = Debug|Any CPU
		Release|Any CPU = Release|Any CPU
	EndGlobalSection
	GlobalSection(ProjectConfigurationPlatforms) = postSolution
		{051DAA67-BD53-4E8A-B360-D582A211DE7B}.Debug|Any CPU.ActiveCfg = Debug|Any CPU
		{051DAA67-BD53-4E8A-B360-D582A211DE7B}.Debug|Any CPU.Build.0 = Debug|Any CPU
		{051DAA67-BD53-4E8A-B360-D582A211DE7B}.Release|Any CPU.ActiveCfg = Release|Any CPU
		{051DAA67-BD53-4E8A-B360-D582A211DE7B}.Release|Any CPU.Build.0 = Release|Any CPU
	EndGlobalSection
	GlobalSection(SolutionProperties) = preSolution
		HideSolutionNode = FALSE
	EndGlobalSection
	GlobalSection(ExtensibilityGlobals) = postSolution
		SolutionGuid = {C6BC61CF-B80D-4174-8629-BB27C46F9756}
	EndGlobalSection
EndGlobal
